{
  "originHash" : "3eff2a2ffa82f138c56bc52a1669fa1420e72b88809bdd1766db2fca15833106",
  "pins" : [
    {
      "identity" : "fingerprintjs-pro-ios",
      "kind" : "remoteSourceControl",
      "location" : "https://github.com/fingerprintjs/fingerprintjs-pro-ios",
      "state" : {
        "revision" : "51df49f935af022ceafbee34855500a37e0f35d3",
        "version" : "2.7.0"
      }
    },
    {
      "identity" : "moneykit-ios",
      "kind" : "remoteSourceControl",
      "location" : "https://github.com/moneykit/moneykit-ios",
      "state" : {
        "revision" : "714555cdc181a1cb41f7610a146f2cb79ee7cdd7",
        "version" : "1.9.4"
      }
    },
    {
      "identity" : "swift-onboarding-components",
      "kind" : "remoteSourceControl",
      "location" : "https://github.com/onefootprint/Swift-Onboarding-Components",
      "state" : {
        "revision" : "af463677a32466e1354d1db482332b51bf59b85c",
        "version" : "1.2.1"
      }
    }
  ],
  "version" : 3
}
