{
  "pins" : [
    {
      "identity" : "footprint-swift",
      "kind" : "remoteSourceControl",
      "location" : "https://github.com/onefootprint/footprint-swift.git",
      "state" : {
        "revision" : "416e02200c2ebbd0563db9912cfcc133c2b0dc19",
        "version" : "1.0.9"
      }
    }
  ],
  "version" : 2
}
