# THIS IS AN AUTOGENERATED FILE. DO NOT EDIT THIS FILE DIRECTLY.
# yarn lockfile v1


"@hotwired/stimulus-webpack-helpers@^1.0.0":
  version "1.0.1"
  resolved "https://registry.npmjs.org/@hotwired/stimulus-webpack-helpers/-/stimulus-webpack-helpers-1.0.1.tgz"
  integrity sha512-wa/zupVG0eWxRYJjC1IiPBdt3Lruv0RqGN+/DTMmUWUyMAEB27KXmVY6a8YpUVTM7QwVuaLNGW4EqDgrS2upXQ==

"@hotwired/stimulus@^3.2.2", "@hotwired/stimulus@>= 3.0":
  version "3.2.2"
  resolved "https://registry.npmjs.org/@hotwired/stimulus/-/stimulus-3.2.2.tgz"
  integrity sha512-eGeIqNOQpXoPAIP7tC1+1Yc1yl1xnwYqg+3mzqxyrbE5pg5YFBZcA6YoTiByJB6DKAEsiWtl6tjTJS4IYtbB7A==

"@onefootprint/footprint-js@^3.13.0":
  version "3.13.0"
  resolved "https://registry.npmjs.org/@onefootprint/footprint-js/-/footprint-js-3.13.0.tgz"
  integrity sha512-iEz5P2LA1L4JME0zYZ5FJw2FB0XjMuO4UaobKtJTr6sYN6pNbaEOymdX2n6atvA6EICel27PAGsH8SSfu+Ymhg==
  dependencies:
    "@onefootprint/postmate" "2.1.2"

"@onefootprint/postmate@2.1.2":
  version "2.1.2"
  resolved "https://registry.npmjs.org/@onefootprint/postmate/-/postmate-2.1.2.tgz"
  integrity sha512-R/N7AvZNIFrZQzvOuHbwzfLev5MMb1QtxK+dOfbVl7fZPb7spFfJmCS5pAQAse4bZByX2IEAdesfvoT0NCCgGQ==

stimulus@^3.2.2:
  version "3.2.2"
  resolved "https://registry.npmjs.org/stimulus/-/stimulus-3.2.2.tgz"
  integrity sha512-sEGK0ofeMuW+B2oPLTigCqxl47P9vRfZxeqzY5Hk1u0QPWS8DZhW+VOEEyngtzdHM+MutXKGBT8BkUKoA0060Q==
  dependencies:
    "@hotwired/stimulus" "^3.2.2"
    "@hotwired/stimulus-webpack-helpers" "^1.0.0"
