PODS:
  - FootprintSwift/Hosted (2.1.2-alpha)

DEPENDENCIES:
  - FootprintSwift/Hosted (from `https://github.com/onefootprint/footprint-swift.git`)

EXTERNAL SOURCES:
  FootprintSwift:
    :git: https://github.com/onefootprint/footprint-swift.git

CHECKOUT OPTIONS:
  FootprintSwift:
    :commit: c20736e866710fa69fbe80c4856474a7796d7b65
    :git: https://github.com/onefootprint/footprint-swift.git

SPEC CHECKSUMS:
  FootprintSwift: cdcb0c530cab02fb54c778ae5fa93a9c09bc7b7d

PODFILE CHECKSUM: 801ecedf920f51bf0da7803ca6169454af4415f9

COCOAPODS: 1.15.2
