PODS:
  - FootprintSwift/Hosted (2.1.1-alpha)

DEPENDENCIES:
  - FootprintSwift/Hosted (from `https://github.com/onefootprint/footprint-swift.git`)

EXTERNAL SOURCES:
  FootprintSwift:
    :git: https://github.com/onefootprint/footprint-swift.git

CHECKOUT OPTIONS:
  FootprintSwift:
    :commit: 3eb9f6134d8ace47c8c7ad1fc4cde3e5be28d023
    :git: https://github.com/onefootprint/footprint-swift.git

SPEC CHECKSUMS:
  FootprintSwift: 426052367755ca5396c5f3ff2b8f6dfee5b09707

PODFILE CHECKSUM: 801ecedf920f51bf0da7803ca6169454af4415f9

COCOAPODS: 1.15.2
